# THIS IS AN AUTOGENERATED FILE. DO NOT EDIT THIS FILE DIRECTLY.
# yarn lockfile v1


"@babel/code-frame@^7.5.5":
  version "7.8.3"
  resolved "https://artifactory.softplan.com.br/artifactory/api/npm/npm/@babel/code-frame/-/code-frame-7.8.3.tgz#33e25903d7481181534e12ec0a25f16b6fcf419e"
  integrity sha1-M+JZA9dIEYFTThLsCiXxa2/PQZ4=
  dependencies:
    "@babel/highlight" "^7.8.3"

"@babel/highlight@^7.8.3":
  version "7.8.3"
  resolved "https://artifactory.softplan.com.br/artifactory/api/npm/npm/@babel/highlight/-/highlight-7.8.3.tgz#28f173d04223eaaa59bc1d439a3836e6d1265797"
  integrity sha1-KPFz0EIj6qpZvB1Dmjg25tEmV5c=
  dependencies:
    chalk "^2.0.0"
    esutils "^2.0.2"
    js-tokens "^4.0.0"

"@polka/url@^0.5.0":
  version "0.5.0"
  resolved "https://artifactory.softplan.com.br/artifactory/api/npm/npm/@polka/url/-/url-0.5.0.tgz#b21510597fd601e5d7c95008b76bf0d254ebfd31"
  integrity sha1-shUQWX/WAeXXyVAIt2vw0lTr/TE=

"@rollup/plugin-commonjs@^11.0.0":
  version "11.0.1"
  resolved "https://artifactory.softplan.com.br/artifactory/api/npm/npm/@rollup/plugin-commonjs/-/plugin-commonjs-11.0.1.tgz#6056a6757286901cc6c1599123e6680a78cad6c2"
  integrity sha1-YFamdXKGkBzGwVmRI+ZoCnjK1sI=
  dependencies:
    "@rollup/pluginutils" "^3.0.0"
    estree-walker "^0.6.1"
    is-reference "^1.1.2"
    magic-string "^0.25.2"
    resolve "^1.11.0"

"@rollup/plugin-node-resolve@^7.0.0":
  version "7.0.0"
  resolved "https://artifactory.softplan.com.br/artifactory/api/npm/npm/@rollup/plugin-node-resolve/-/plugin-node-resolve-7.0.0.tgz#cce3826df801538b001972fbf9b6b1c22b69fdf8"
  integrity sha1-zOOCbfgBU4sAGXL7+baxwitp/fg=
  dependencies:
    "@rollup/pluginutils" "^3.0.0"
    "@types/resolve" "0.0.8"
    builtin-modules "^3.1.0"
    is-module "^1.0.0"
    resolve "^1.11.1"

"@rollup/pluginutils@^3.0.0":
  version "3.0.6"
  resolved "https://artifactory.softplan.com.br/artifactory/api/npm/npm/@rollup/pluginutils/-/pluginutils-3.0.6.tgz#3ae0bbbce2eed53bf46b7fba8c393557c6c7f705"
  integrity sha1-OuC7vOLu1Tv0a3+6jDk1V8bH9wU=
  dependencies:
    estree-walker "^1.0.1"

"@types/estree@*":
  version "0.0.42"
  resolved "https://artifactory.softplan.com.br/artifactory/api/npm/npm/@types/estree/-/estree-0.0.42.tgz#8d0c1f480339efedb3e46070e22dd63e0430dd11"
  integrity sha1-jQwfSAM57+2z5GBw4i3WPgQw3RE=

"@types/estree@0.0.39":
  version "0.0.39"
  resolved "https://artifactory.softplan.com.br/artifactory/api/npm/npm/@types/estree/-/estree-0.0.39.tgz#e177e699ee1b8c22d23174caaa7422644389509f"
  integrity sha1-4Xfmme4bjCLSMXTKqnQiZEOJUJ8=

"@types/node@*":
  version "13.5.3"
  resolved "https://artifactory.softplan.com.br/artifactory/api/npm/npm/@types/node/-/node-13.5.3.tgz#37f1f539b7535b9fb4ef77d59db1847a837b7f17"
  integrity sha1-N/H1ObdTW5+073fVnbGEeoN7fxc=

"@types/resolve@0.0.8":
  version "0.0.8"
  resolved "https://artifactory.softplan.com.br/artifactory/api/npm/npm/@types/resolve/-/resolve-0.0.8.tgz#f26074d238e02659e323ce1a13d041eee280e194"
  integrity sha1-8mB00jjgJlnjI84aE9BB7uKA4ZQ=
  dependencies:
    "@types/node" "*"

acorn@^7.1.0:
  version "7.1.0"
  resolved "https://artifactory.softplan.com.br/artifactory/api/npm/npm/acorn/-/acorn-7.1.0.tgz#949d36f2c292535da602283586c2477c57eb2d6c"
  integrity sha1-lJ028sKSU12mAig1hsJHfFfrLWw=

ansi-styles@^3.2.1:
  version "3.2.1"
  resolved "https://artifactory.softplan.com.br/artifactory/api/npm/npm/ansi-styles/-/ansi-styles-3.2.1.tgz#41fbb20243e50b12be0f04b8dedbf07520ce841d"
  integrity sha1-QfuyAkPlCxK+DwS43tvwdSDOhB0=
  dependencies:
    color-convert "^1.9.0"

anymatch@^2.0.0:
  version "2.0.0"
  resolved "https://artifactory.softplan.com.br/artifactory/api/npm/npm/anymatch/-/anymatch-2.0.0.tgz#bcb24b4f37934d9aa7ac17b4adaf89e7c76ef2eb"
  integrity sha1-vLJLTzeTTZqnrBe0ra+J58du8us=
  dependencies:
    micromatch "^3.1.4"
    normalize-path "^2.1.1"

arr-diff@^4.0.0:
  version "4.0.0"
  resolved "https://artifactory.softplan.com.br/artifactory/api/npm/npm/arr-diff/-/arr-diff-4.0.0.tgz#d6461074febfec71e7e15235761a329a5dc7c520"
  integrity sha1-1kYQdP6/7HHn4VI1dhoyml3HxSA=

arr-flatten@^1.1.0:
  version "1.1.0"
  resolved "https://artifactory.softplan.com.br/artifactory/api/npm/npm/arr-flatten/-/arr-flatten-1.1.0.tgz#36048bbff4e7b47e136644316c99669ea5ae91f1"
  integrity sha1-NgSLv/TntH4TZkQxbJlmnqWukfE=

arr-union@^3.1.0:
  version "3.1.0"
  resolved "https://artifactory.softplan.com.br/artifactory/api/npm/npm/arr-union/-/arr-union-3.1.0.tgz#e39b09aea9def866a8f206e288af63919bae39c4"
  integrity sha1-45sJrqne+Gao8gbiiK9jkZuuOcQ=

array-unique@^0.3.2:
  version "0.3.2"
  resolved "https://artifactory.softplan.com.br/artifactory/api/npm/npm/array-unique/-/array-unique-0.3.2.tgz#a894b75d4bc4f6cd679ef3244a9fd8f46ae2d428"
  integrity sha1-qJS3XUvE9s1nnvMkSp/Y9Gri1Cg=

assign-symbols@^1.0.0:
  version "1.0.0"
  resolved "https://artifactory.softplan.com.br/artifactory/api/npm/npm/assign-symbols/-/assign-symbols-1.0.0.tgz#59667f41fadd4f20ccbc2bb96b8d4f7f78ec0367"
  integrity sha1-WWZ/QfrdTyDMvCu5a41Pf3jsA2c=

async-each@^1.0.1:
  version "1.0.3"
  resolved "https://artifactory.softplan.com.br/artifactory/api/npm/npm/async-each/-/async-each-1.0.3.tgz#b727dbf87d7651602f06f4d4ac387f47d91b0cbf"
  integrity sha1-tyfb+H12UWAvBvTUrDh/R9kbDL8=

async-limiter@~1.0.0:
  version "1.0.1"
  resolved "https://artifactory.softplan.com.br/artifactory/api/npm/npm/async-limiter/-/async-limiter-1.0.1.tgz#dd379e94f0db8310b08291f9d64c3209766617fd"
  integrity sha1-3TeelPDbgxCwgpH51kwyCXZmF/0=

atob@^2.1.2:
  version "2.1.2"
  resolved "https://artifactory.softplan.com.br/artifactory/api/npm/npm/atob/-/atob-2.1.2.tgz#6d9517eb9e030d2436666651e86bd9f6f13533c9"
  integrity sha1-bZUX654DDSQ2ZmZR6GvZ9vE1M8k=

base@^0.11.1:
  version "0.11.2"
  resolved "https://artifactory.softplan.com.br/artifactory/api/npm/npm/base/-/base-0.11.2.tgz#7bde5ced145b6d551a90db87f83c558b4eb48a8f"
  integrity sha1-e95c7RRbbVUakNuH+DxVi060io8=
  dependencies:
    cache-base "^1.0.1"
    class-utils "^0.3.5"
    component-emitter "^1.2.1"
    define-property "^1.0.0"
    isobject "^3.0.1"
    mixin-deep "^1.2.0"
    pascalcase "^0.1.1"

binary-extensions@^1.0.0:
  version "1.13.1"
  resolved "https://artifactory.softplan.com.br/artifactory/api/npm/npm/binary-extensions/-/binary-extensions-1.13.1.tgz#598afe54755b2868a5330d2aff9d4ebb53209b65"
  integrity sha1-WYr+VHVbKGilMw0q/51Ou1Mgm2U=

bindings@^1.5.0:
  version "1.5.0"
  resolved "https://artifactory.softplan.com.br/artifactory/api/npm/npm/bindings/-/bindings-1.5.0.tgz#10353c9e945334bc0511a6d90b38fbc7c9c504df"
  integrity sha1-EDU8npRTNLwFEabZCzj7x8nFBN8=
  dependencies:
    file-uri-to-path "1.0.0"

braces@^2.3.1, braces@^2.3.2:
  version "2.3.2"
  resolved "https://artifactory.softplan.com.br/artifactory/api/npm/npm/braces/-/braces-2.3.2.tgz#5979fd3f14cd531565e5fa2df1abfff1dfaee729"
  integrity sha1-WXn9PxTNUxVl5fot8av/8d+u5yk=
  dependencies:
    arr-flatten "^1.1.0"
    array-unique "^0.3.2"
    extend-shallow "^2.0.1"
    fill-range "^4.0.0"
    isobject "^3.0.1"
    repeat-element "^1.1.2"
    snapdragon "^0.8.1"
    snapdragon-node "^2.0.1"
    split-string "^3.0.2"
    to-regex "^3.0.1"

buffer-from@^1.0.0:
  version "1.1.1"
  resolved "https://artifactory.softplan.com.br/artifactory/api/npm/npm/buffer-from/-/buffer-from-1.1.1.tgz#32713bc028f75c02fdb710d7c7bcec1f2c6070ef"
  integrity sha1-MnE7wCj3XAL9txDXx7zsHyxgcO8=

builtin-modules@^3.1.0:
  version "3.1.0"
  resolved "https://artifactory.softplan.com.br/artifactory/api/npm/npm/builtin-modules/-/builtin-modules-3.1.0.tgz#aad97c15131eb76b65b50ef208e7584cd76a7484"
  integrity sha1-qtl8FRMet2tltQ7yCOdYTNdqdIQ=

cache-base@^1.0.1:
  version "1.0.1"
  resolved "https://artifactory.softplan.com.br/artifactory/api/npm/npm/cache-base/-/cache-base-1.0.1.tgz#0a7f46416831c8b662ee36fe4e7c59d76f666ab2"
  integrity sha1-Cn9GQWgxyLZi7jb+TnxZ129marI=
  dependencies:
    collection-visit "^1.0.0"
    component-emitter "^1.2.1"
    get-value "^2.0.6"
    has-value "^1.0.0"
    isobject "^3.0.1"
    set-value "^2.0.0"
    to-object-path "^0.3.0"
    union-value "^1.0.0"
    unset-value "^1.0.0"

chalk@^2.0.0:
  version "2.4.2"
  resolved "https://artifactory.softplan.com.br/artifactory/api/npm/npm/chalk/-/chalk-2.4.2.tgz#cd42541677a54333cf541a49108c1432b44c9424"
  integrity sha1-zUJUFnelQzPPVBpJEIwUMrRMlCQ=
  dependencies:
    ansi-styles "^3.2.1"
    escape-string-regexp "^1.0.5"
    supports-color "^5.3.0"

chokidar@^2.1.5:
  version "2.1.8"
  resolved "https://artifactory.softplan.com.br/artifactory/api/npm/npm/chokidar/-/chokidar-2.1.8.tgz#804b3a7b6a99358c3c5c61e71d8728f041cff917"
  integrity sha1-gEs6e2qZNYw8XGHnHYco8EHP+Rc=
  dependencies:
    anymatch "^2.0.0"
    async-each "^1.0.1"
    braces "^2.3.2"
    glob-parent "^3.1.0"
    inherits "^2.0.3"
    is-binary-path "^1.0.0"
    is-glob "^4.0.0"
    normalize-path "^3.0.0"
    path-is-absolute "^1.0.0"
    readdirp "^2.2.1"
    upath "^1.1.1"
  optionalDependencies:
    fsevents "^1.2.7"

class-utils@^0.3.5:
  version "0.3.6"
  resolved "https://artifactory.softplan.com.br/artifactory/api/npm/npm/class-utils/-/class-utils-0.3.6.tgz#f93369ae8b9a7ce02fd41faad0ca83033190c463"
  integrity sha1-+TNprouafOAv1B+q0MqDAzGQxGM=
  dependencies:
    arr-union "^3.1.0"
    define-property "^0.2.5"
    isobject "^3.0.0"
    static-extend "^0.1.1"

collection-visit@^1.0.0:
  version "1.0.0"
  resolved "https://artifactory.softplan.com.br/artifactory/api/npm/npm/collection-visit/-/collection-visit-1.0.0.tgz#4bc0373c164bc3291b4d368c829cf1a80a59dca0"
  integrity sha1-S8A3PBZLwykbTTaMgpzxqApZ3KA=
  dependencies:
    map-visit "^1.0.0"
    object-visit "^1.0.0"

color-convert@^1.9.0:
  version "1.9.3"
  resolved "https://artifactory.softplan.com.br/artifactory/api/npm/npm/color-convert/-/color-convert-1.9.3.tgz#bb71850690e1f136567de629d2d5471deda4c1e8"
  integrity sha1-u3GFBpDh8TZWfeYp0tVHHe2kweg=
  dependencies:
    color-name "1.1.3"

color-name@1.1.3:
  version "1.1.3"
  resolved "https://artifactory.softplan.com.br/artifactory/api/npm/npm/color-name/-/color-name-1.1.3.tgz#a7d0558bd89c42f795dd42328f740831ca53bc25"
  integrity sha1-p9BVi9icQveV3UIyj3QIMcpTvCU=

commander@^2.20.0:
  version "2.20.3"
  resolved "https://artifactory.softplan.com.br/artifactory/api/npm/npm/commander/-/commander-2.20.3.tgz#fd485e84c03eb4881c20722ba48035e8531aeb33"
  integrity sha1-/UhehMA+tIgcIHIrpIA16FMa6zM=

component-emitter@^1.2.1:
  version "1.3.0"
  resolved "https://artifactory.softplan.com.br/artifactory/api/npm/npm/component-emitter/-/component-emitter-1.3.0.tgz#16e4070fba8ae29b679f2215853ee181ab2eabc0"
  integrity sha1-FuQHD7qK4ptnnyIVhT7hgasuq8A=

console-clear@^1.1.0:
  version "1.1.1"
  resolved "https://artifactory.softplan.com.br/artifactory/api/npm/npm/console-clear/-/console-clear-1.1.1.tgz#995e20cbfbf14dd792b672cde387bd128d674bf7"
  integrity sha1-mV4gy/vxTdeStnLN44e9Eo1nS/c=

copy-descriptor@^0.1.0:
  version "0.1.1"
  resolved "https://artifactory.softplan.com.br/artifactory/api/npm/npm/copy-descriptor/-/copy-descriptor-0.1.1.tgz#676f6eb3c39997c2ee1ac3a924fd6124748f578d"
  integrity sha1-Z29us8OZl8LuGsOpJP1hJHSPV40=

core-util-is@~1.0.0:
  version "1.0.2"
  resolved "https://artifactory.softplan.com.br/artifactory/api/npm/npm/core-util-is/-/core-util-is-1.0.2.tgz#b5fd54220aa2bc5ab57aab7140c940754503c1a7"
  integrity sha1-tf1UIgqivFq1eqtxQMlAdUUDwac=

debug@^2.2.0, debug@^2.3.3:
  version "2.6.9"
  resolved "https://artifactory.softplan.com.br/artifactory/api/npm/npm/debug/-/debug-2.6.9.tgz#5d128515df134ff327e90a4c93f4e077a536341f"
  integrity sha1-XRKFFd8TT/Mn6QpMk/Tgd6U2NB8=
  dependencies:
    ms "2.0.0"

decode-uri-component@^0.2.0:
  version "0.2.0"
  resolved "https://artifactory.softplan.com.br/artifactory/api/npm/npm/decode-uri-component/-/decode-uri-component-0.2.0.tgz#eb3913333458775cb84cd1a1fae062106bb87545"
  integrity sha1-6zkTMzRYd1y4TNGh+uBiEGu4dUU=

define-property@^0.2.5:
  version "0.2.5"
  resolved "https://artifactory.softplan.com.br/artifactory/api/npm/npm/define-property/-/define-property-0.2.5.tgz#c35b1ef918ec3c990f9a5bc57be04aacec5c8116"
  integrity sha1-w1se+RjsPJkPmlvFe+BKrOxcgRY=
  dependencies:
    is-descriptor "^0.1.0"

define-property@^1.0.0:
  version "1.0.0"
  resolved "https://artifactory.softplan.com.br/artifactory/api/npm/npm/define-property/-/define-property-1.0.0.tgz#769ebaaf3f4a63aad3af9e8d304c9bbe79bfb0e6"
  integrity sha1-dp66rz9KY6rTr56NMEybvnm/sOY=
  dependencies:
    is-descriptor "^1.0.0"

define-property@^2.0.2:
  version "2.0.2"
  resolved "https://artifactory.softplan.com.br/artifactory/api/npm/npm/define-property/-/define-property-2.0.2.tgz#d459689e8d654ba77e02a817f8710d702cb16e9d"
  integrity sha1-1Flono1lS6d+AqgX+HENcCyxbp0=
  dependencies:
    is-descriptor "^1.0.2"
    isobject "^3.0.1"

escape-string-regexp@^1.0.5:
  version "1.0.5"
  resolved "https://artifactory.softplan.com.br/artifactory/api/npm/npm/escape-string-regexp/-/escape-string-regexp-1.0.5.tgz#1b61c0562190a8dff6ae3bb2cf0200ca130b86d4"
  integrity sha1-G2HAViGQqN/2rjuyzwIAyhMLhtQ=

estree-walker@^0.6.1:
  version "0.6.1"
  resolved "https://artifactory.softplan.com.br/artifactory/api/npm/npm/estree-walker/-/estree-walker-0.6.1.tgz#53049143f40c6eb918b23671d1fe3219f3a1b362"
  integrity sha1-UwSRQ/QMbrkYsjZx0f4yGfOhs2I=

estree-walker@^1.0.1:
  version "1.0.1"
  resolved "https://artifactory.softplan.com.br/artifactory/api/npm/npm/estree-walker/-/estree-walker-1.0.1.tgz#31bc5d612c96b704106b477e6dd5d8aa138cb700"
  integrity sha1-MbxdYSyWtwQQa0d+bdXYqhOMtwA=

esutils@^2.0.2:
  version "2.0.3"
  resolved "https://artifactory.softplan.com.br/artifactory/api/npm/npm/esutils/-/esutils-2.0.3.tgz#74d2eb4de0b8da1293711910d50775b9b710ef64"
  integrity sha1-dNLrTeC42hKTcRkQ1Qd1ubcQ72Q=

expand-brackets@^2.1.4:
  version "2.1.4"
  resolved "https://artifactory.softplan.com.br/artifactory/api/npm/npm/expand-brackets/-/expand-brackets-2.1.4.tgz#b77735e315ce30f6b6eff0f83b04151a22449622"
  integrity sha1-t3c14xXOMPa27/D4OwQVGiJEliI=
  dependencies:
    debug "^2.3.3"
    define-property "^0.2.5"
    extend-shallow "^2.0.1"
    posix-character-classes "^0.1.0"
    regex-not "^1.0.0"
    snapdragon "^0.8.1"
    to-regex "^3.0.1"

extend-shallow@^2.0.1:
  version "2.0.1"
  resolved "https://artifactory.softplan.com.br/artifactory/api/npm/npm/extend-shallow/-/extend-shallow-2.0.1.tgz#51af7d614ad9a9f610ea1bafbb989d6b1c56890f"
  integrity sha1-Ua99YUrZqfYQ6huvu5idaxxWiQ8=
  dependencies:
    is-extendable "^0.1.0"

extend-shallow@^3.0.0, extend-shallow@^3.0.2:
  version "3.0.2"
  resolved "https://artifactory.softplan.com.br/artifactory/api/npm/npm/extend-shallow/-/extend-shallow-3.0.2.tgz#26a71aaf073b39fb2127172746131c2704028db8"
  integrity sha1-Jqcarwc7OfshJxcnRhMcJwQCjbg=
  dependencies:
    assign-symbols "^1.0.0"
    is-extendable "^1.0.1"

extglob@^2.0.4:
  version "2.0.4"
  resolved "https://artifactory.softplan.com.br/artifactory/api/npm/npm/extglob/-/extglob-2.0.4.tgz#ad00fe4dc612a9232e8718711dc5cb5ab0285543"
  integrity sha1-rQD+TcYSqSMuhxhxHcXLWrAoVUM=
  dependencies:
    array-unique "^0.3.2"
    define-property "^1.0.0"
    expand-brackets "^2.1.4"
    extend-shallow "^2.0.1"
    fragment-cache "^0.2.1"
    regex-not "^1.0.0"
    snapdragon "^0.8.1"
    to-regex "^3.0.1"

file-uri-to-path@1.0.0:
  version "1.0.0"
  resolved "https://artifactory.softplan.com.br/artifactory/api/npm/npm/file-uri-to-path/-/file-uri-to-path-1.0.0.tgz#553a7b8446ff6f684359c445f1e37a05dacc33dd"
  integrity sha1-VTp7hEb/b2hDWcRF8eN6BdrMM90=

fill-range@^4.0.0:
  version "4.0.0"
  resolved "https://artifactory.softplan.com.br/artifactory/api/npm/npm/fill-range/-/fill-range-4.0.0.tgz#d544811d428f98eb06a63dc402d2403c328c38f7"
  integrity sha1-1USBHUKPmOsGpj3EAtJAPDKMOPc=
  dependencies:
    extend-shallow "^2.0.1"
    is-number "^3.0.0"
    repeat-string "^1.6.1"
    to-regex-range "^2.1.0"

for-in@^1.0.2:
  version "1.0.2"
  resolved "https://artifactory.softplan.com.br/artifactory/api/npm/npm/for-in/-/for-in-1.0.2.tgz#81068d295a8142ec0ac726c6e2200c30fb6d5e80"
  integrity sha1-gQaNKVqBQuwKxybG4iAMMPttXoA=

fragment-cache@^0.2.1:
  version "0.2.1"
  resolved "https://artifactory.softplan.com.br/artifactory/api/npm/npm/fragment-cache/-/fragment-cache-0.2.1.tgz#4290fad27f13e89be7f33799c6bc5a0abfff0d19"
  integrity sha1-QpD60n8T6Jvn8zeZxrxaCr//DRk=
  dependencies:
    map-cache "^0.2.2"

fsevents@^1.2.7:
  version "1.2.11"
  resolved "https://artifactory.softplan.com.br/artifactory/api/npm/npm/fsevents/-/fsevents-1.2.11.tgz#67bf57f4758f02ede88fb2a1712fef4d15358be3"
  integrity sha1-Z79X9HWPAu3oj7KhcS/vTRU1i+M=
  dependencies:
    bindings "^1.5.0"
    nan "^2.12.1"

get-port@^3.2.0:
  version "3.2.0"
  resolved "https://artifactory.softplan.com.br/artifactory/api/npm/npm/get-port/-/get-port-3.2.0.tgz#dd7ce7de187c06c8bf353796ac71e099f0980ebc"
  integrity sha1-3Xzn3hh8Bsi/NTeWrHHgmfCYDrw=

get-value@^2.0.3, get-value@^2.0.6:
  version "2.0.6"
  resolved "https://artifactory.softplan.com.br/artifactory/api/npm/npm/get-value/-/get-value-2.0.6.tgz#dc15ca1c672387ca76bd37ac0a395ba2042a2c28"
  integrity sha1-3BXKHGcjh8p2vTesCjlbogQqLCg=

glob-parent@^3.1.0:
  version "3.1.0"
  resolved "https://artifactory.softplan.com.br/artifactory/api/npm/npm/glob-parent/-/glob-parent-3.1.0.tgz#9e6af6299d8d3bd2bd40430832bd113df906c5ae"
  integrity sha1-nmr2KZ2NO9K9QEMIMr0RPfkGxa4=
  dependencies:
    is-glob "^3.1.0"
    path-dirname "^1.0.0"

graceful-fs@^4.1.11:
  version "4.2.3"
  resolved "https://artifactory.softplan.com.br/artifactory/api/npm/npm/graceful-fs/-/graceful-fs-4.2.3.tgz#4a12ff1b60376ef09862c2093edd908328be8423"
  integrity sha1-ShL/G2A3bvCYYsIJPt2Qgyi+hCM=

has-flag@^3.0.0:
  version "3.0.0"
  resolved "https://artifactory.softplan.com.br/artifactory/api/npm/npm/has-flag/-/has-flag-3.0.0.tgz#b5d454dc2199ae225699f3467e5a07f3b955bafd"
  integrity sha1-tdRU3CGZriJWmfNGfloH87lVuv0=

has-value@^0.3.1:
  version "0.3.1"
  resolved "https://artifactory.softplan.com.br/artifactory/api/npm/npm/has-value/-/has-value-0.3.1.tgz#7b1f58bada62ca827ec0a2078025654845995e1f"
  integrity sha1-ex9YutpiyoJ+wKIHgCVlSEWZXh8=
  dependencies:
    get-value "^2.0.3"
    has-values "^0.1.4"
    isobject "^2.0.0"

has-value@^1.0.0:
  version "1.0.0"
  resolved "https://artifactory.softplan.com.br/artifactory/api/npm/npm/has-value/-/has-value-1.0.0.tgz#18b281da585b1c5c51def24c930ed29a0be6b177"
  integrity sha1-GLKB2lhbHFxR3vJMkw7SmgvmsXc=
  dependencies:
    get-value "^2.0.6"
    has-values "^1.0.0"
    isobject "^3.0.0"

has-values@^0.1.4:
  version "0.1.4"
  resolved "https://artifactory.softplan.com.br/artifactory/api/npm/npm/has-values/-/has-values-0.1.4.tgz#6d61de95d91dfca9b9a02089ad384bff8f62b771"
  integrity sha1-bWHeldkd/Km5oCCJrThL/49it3E=

has-values@^1.0.0:
  version "1.0.0"
  resolved "https://artifactory.softplan.com.br/artifactory/api/npm/npm/has-values/-/has-values-1.0.0.tgz#95b0b63fec2146619a6fe57fe75628d5a39efe4f"
  integrity sha1-lbC2P+whRmGab+V/51Yo1aOe/k8=
  dependencies:
    is-number "^3.0.0"
    kind-of "^4.0.0"

inherits@^2.0.3, inherits@~2.0.3:
  version "2.0.4"
  resolved "https://artifactory.softplan.com.br/artifactory/api/npm/npm/inherits/-/inherits-2.0.4.tgz#0fa2c64f932917c3433a0ded55363aae37416b7c"
  integrity sha1-D6LGT5MpF8NDOg3tVTY6rjdBa3w=

is-accessor-descriptor@^0.1.6:
  version "0.1.6"
  resolved "https://artifactory.softplan.com.br/artifactory/api/npm/npm/is-accessor-descriptor/-/is-accessor-descriptor-0.1.6.tgz#a9e12cb3ae8d876727eeef3843f8a0897b5c98d6"
  integrity sha1-qeEss66Nh2cn7u84Q/igiXtcmNY=
  dependencies:
    kind-of "^3.0.2"

is-accessor-descriptor@^1.0.0:
  version "1.0.0"
  resolved "https://artifactory.softplan.com.br/artifactory/api/npm/npm/is-accessor-descriptor/-/is-accessor-descriptor-1.0.0.tgz#169c2f6d3df1f992618072365c9b0ea1f6878656"
  integrity sha1-FpwvbT3x+ZJhgHI2XJsOofaHhlY=
  dependencies:
    kind-of "^6.0.0"

is-binary-path@^1.0.0:
  version "1.0.1"
  resolved "https://artifactory.softplan.com.br/artifactory/api/npm/npm/is-binary-path/-/is-binary-path-1.0.1.tgz#75f16642b480f187a711c814161fd3a4a7655898"
  integrity sha1-dfFmQrSA8YenEcgUFh/TpKdlWJg=
  dependencies:
    binary-extensions "^1.0.0"

is-buffer@^1.1.5:
  version "1.1.6"
  resolved "https://artifactory.softplan.com.br/artifactory/api/npm/npm/is-buffer/-/is-buffer-1.1.6.tgz#efaa2ea9daa0d7ab2ea13a97b2b8ad51fefbe8be"
  integrity sha1-76ouqdqg16suoTqXsritUf776L4=

is-data-descriptor@^0.1.4:
  version "0.1.4"
  resolved "https://artifactory.softplan.com.br/artifactory/api/npm/npm/is-data-descriptor/-/is-data-descriptor-0.1.4.tgz#0b5ee648388e2c860282e793f1856fec3f301b56"
  integrity sha1-C17mSDiOLIYCgueT8YVv7D8wG1Y=
  dependencies:
    kind-of "^3.0.2"

is-data-descriptor@^1.0.0:
  version "1.0.0"
  resolved "https://artifactory.softplan.com.br/artifactory/api/npm/npm/is-data-descriptor/-/is-data-descriptor-1.0.0.tgz#d84876321d0e7add03990406abbbbd36ba9268c7"
  integrity sha1-2Eh2Mh0Oet0DmQQGq7u9NrqSaMc=
  dependencies:
    kind-of "^6.0.0"

is-descriptor@^0.1.0:
  version "0.1.6"
  resolved "https://artifactory.softplan.com.br/artifactory/api/npm/npm/is-descriptor/-/is-descriptor-0.1.6.tgz#366d8240dde487ca51823b1ab9f07a10a78251ca"
  integrity sha1-Nm2CQN3kh8pRgjsaufB6EKeCUco=
  dependencies:
    is-accessor-descriptor "^0.1.6"
    is-data-descriptor "^0.1.4"
    kind-of "^5.0.0"

is-descriptor@^1.0.0, is-descriptor@^1.0.2:
  version "1.0.2"
  resolved "https://artifactory.softplan.com.br/artifactory/api/npm/npm/is-descriptor/-/is-descriptor-1.0.2.tgz#3b159746a66604b04f8c81524ba365c5f14d86ec"
  integrity sha1-OxWXRqZmBLBPjIFSS6NlxfFNhuw=
  dependencies:
    is-accessor-descriptor "^1.0.0"
    is-data-descriptor "^1.0.0"
    kind-of "^6.0.2"

is-extendable@^0.1.0, is-extendable@^0.1.1:
  version "0.1.1"
  resolved "https://artifactory.softplan.com.br/artifactory/api/npm/npm/is-extendable/-/is-extendable-0.1.1.tgz#62b110e289a471418e3ec36a617d472e301dfc89"
  integrity sha1-YrEQ4omkcUGOPsNqYX1HLjAd/Ik=

is-extendable@^1.0.1:
  version "1.0.1"
  resolved "https://artifactory.softplan.com.br/artifactory/api/npm/npm/is-extendable/-/is-extendable-1.0.1.tgz#a7470f9e426733d81bd81e1155264e3a3507cab4"
  integrity sha1-p0cPnkJnM9gb2B4RVSZOOjUHyrQ=
  dependencies:
    is-plain-object "^2.0.4"

is-extglob@^2.1.0, is-extglob@^2.1.1:
  version "2.1.1"
  resolved "https://artifactory.softplan.com.br/artifactory/api/npm/npm/is-extglob/-/is-extglob-2.1.1.tgz#a88c02535791f02ed37c76a1b9ea9773c833f8c2"
  integrity sha1-qIwCU1eR8C7TfHahueqXc8gz+MI=

is-glob@^3.1.0:
  version "3.1.0"
  resolved "https://artifactory.softplan.com.br/artifactory/api/npm/npm/is-glob/-/is-glob-3.1.0.tgz#7ba5ae24217804ac70707b96922567486cc3e84a"
  integrity sha1-e6WuJCF4BKxwcHuWkiVnSGzD6Eo=
  dependencies:
    is-extglob "^2.1.0"

is-glob@^4.0.0:
  version "4.0.1"
  resolved "https://artifactory.softplan.com.br/artifactory/api/npm/npm/is-glob/-/is-glob-4.0.1.tgz#7567dbe9f2f5e2467bc77ab83c4a29482407a5dc"
  integrity sha1-dWfb6fL14kZ7x3q4PEopSCQHpdw=
  dependencies:
    is-extglob "^2.1.1"

is-module@^1.0.0:
  version "1.0.0"
  resolved "https://artifactory.softplan.com.br/artifactory/api/npm/npm/is-module/-/is-module-1.0.0.tgz#3258fb69f78c14d5b815d664336b4cffb6441591"
  integrity sha1-Mlj7afeMFNW4FdZkM2tM/7ZEFZE=

is-number@^3.0.0:
  version "3.0.0"
  resolved "https://artifactory.softplan.com.br/artifactory/api/npm/npm/is-number/-/is-number-3.0.0.tgz#24fd6201a4782cf50561c810276afc7d12d71195"
  integrity sha1-JP1iAaR4LPUFYcgQJ2r8fRLXEZU=
  dependencies:
    kind-of "^3.0.2"

is-plain-object@^2.0.3, is-plain-object@^2.0.4:
  version "2.0.4"
  resolved "https://artifactory.softplan.com.br/artifactory/api/npm/npm/is-plain-object/-/is-plain-object-2.0.4.tgz#2c163b3fafb1b606d9d17928f05c2a1c38e07677"
  integrity sha1-LBY7P6+xtgbZ0Xko8FwqHDjgdnc=
  dependencies:
    isobject "^3.0.1"

is-reference@^1.1.2:
  version "1.1.4"
  resolved "https://artifactory.softplan.com.br/artifactory/api/npm/npm/is-reference/-/is-reference-1.1.4.tgz#3f95849886ddb70256a3e6d062b1a68c13c51427"
  integrity sha1-P5WEmIbdtwJWo+bQYrGmjBPFFCc=
  dependencies:
    "@types/estree" "0.0.39"

is-windows@^1.0.2:
  version "1.0.2"
  resolved "https://artifactory.softplan.com.br/artifactory/api/npm/npm/is-windows/-/is-windows-1.0.2.tgz#d1850eb9791ecd18e6182ce12a30f396634bb19d"
  integrity sha1-0YUOuXkezRjmGCzhKjDzlmNLsZ0=

isarray@1.0.0, isarray@~1.0.0:
  version "1.0.0"
  resolved "https://artifactory.softplan.com.br/artifactory/api/npm/npm/isarray/-/isarray-1.0.0.tgz#bb935d48582cba168c06834957a54a3e07124f11"
  integrity sha1-u5NdSFgsuhaMBoNJV6VKPgcSTxE=

isobject@^2.0.0:
  version "2.1.0"
  resolved "https://artifactory.softplan.com.br/artifactory/api/npm/npm/isobject/-/isobject-2.1.0.tgz#f065561096a3f1da2ef46272f815c840d87e0c89"
  integrity sha1-8GVWEJaj8dou9GJy+BXIQNh+DIk=
  dependencies:
    isarray "1.0.0"

isobject@^3.0.0, isobject@^3.0.1:
  version "3.0.1"
  resolved "https://artifactory.softplan.com.br/artifactory/api/npm/npm/isobject/-/isobject-3.0.1.tgz#4e431e92b11a9731636aa1f9c8d1ccbcfdab78df"
  integrity sha1-TkMekrEalzFjaqH5yNHMvP2reN8=

jest-worker@^24.9.0:
  version "24.9.0"
  resolved "https://artifactory.softplan.com.br/artifactory/api/npm/npm/jest-worker/-/jest-worker-24.9.0.tgz#5dbfdb5b2d322e98567898238a9697bcce67b3e5"
  integrity sha1-Xb/bWy0yLphWeJgjipaXvM5ns+U=
  dependencies:
    merge-stream "^2.0.0"
    supports-color "^6.1.0"

js-tokens@^4.0.0:
  version "4.0.0"
  resolved "https://artifactory.softplan.com.br/artifactory/api/npm/npm/js-tokens/-/js-tokens-4.0.0.tgz#19203fb59991df98e3a287050d4647cdeaf32499"
  integrity sha1-GSA/tZmR35jjoocFDUZHzerzJJk=

kind-of@^3.0.2, kind-of@^3.0.3, kind-of@^3.2.0:
  version "3.2.2"
  resolved "https://artifactory.softplan.com.br/artifactory/api/npm/npm/kind-of/-/kind-of-3.2.2.tgz#31ea21a734bab9bbb0f32466d893aea51e4a3c64"
  integrity sha1-MeohpzS6ubuw8yRm2JOupR5KPGQ=
  dependencies:
    is-buffer "^1.1.5"

kind-of@^4.0.0:
  version "4.0.0"
  resolved "https://artifactory.softplan.com.br/artifactory/api/npm/npm/kind-of/-/kind-of-4.0.0.tgz#20813df3d712928b207378691a45066fae72dd57"
  integrity sha1-IIE989cSkosgc3hpGkUGb65y3Vc=
  dependencies:
    is-buffer "^1.1.5"

kind-of@^5.0.0:
  version "5.1.0"
  resolved "https://artifactory.softplan.com.br/artifactory/api/npm/npm/kind-of/-/kind-of-5.1.0.tgz#729c91e2d857b7a419a1f9aa65685c4c33f5845d"
  integrity sha1-cpyR4thXt6QZofmqZWhcTDP1hF0=

kind-of@^6.0.0, kind-of@^6.0.2:
  version "6.0.3"
  resolved "https://artifactory.softplan.com.br/artifactory/api/npm/npm/kind-of/-/kind-of-6.0.3.tgz#07c05034a6c349fa06e24fa35aa76db4580ce4dd"
  integrity sha1-B8BQNKbDSfoG4k+jWqdttFgM5N0=

kleur@^3.0.0:
  version "3.0.3"
  resolved "https://artifactory.softplan.com.br/artifactory/api/npm/npm/kleur/-/kleur-3.0.3.tgz#a79c9ecc86ee1ce3fa6206d1216c501f147fc07e"
  integrity sha1-p5yezIbuHOP6YgbRIWxQHxR/wH4=

"livereload@0.8.0 || ^0.8.2":
  version "0.8.2"
  resolved "https://artifactory.softplan.com.br/artifactory/api/npm/npm/livereload/-/livereload-0.8.2.tgz#0ebb756cd5150bc956e33110b884bc2d7d87b723"
  integrity sha1-Drt1bNUVC8lW4zEQuIS8LX2HtyM=
  dependencies:
    chokidar "^2.1.5"
    opts ">= 1.2.0"
    ws "^6.2.1"

local-access@^1.0.1:
  version "1.0.1"
  resolved "https://artifactory.softplan.com.br/artifactory/api/npm/npm/local-access/-/local-access-1.0.1.tgz#5121258146d64e869046c642ea4f1dd39ff942bb"
  integrity sha1-USElgUbWToaQRsZC6k8d05/5Qrs=

magic-string@^0.25.2:
  version "0.25.6"
  resolved "https://artifactory.softplan.com.br/artifactory/api/npm/npm/magic-string/-/magic-string-0.25.6.tgz#5586387d1242f919c6d223579cc938bf1420795e"
  integrity sha1-VYY4fRJC+RnG0iNXnMk4vxQgeV4=
  dependencies:
    sourcemap-codec "^1.4.4"

map-cache@^0.2.2:
  version "0.2.2"
  resolved "https://artifactory.softplan.com.br/artifactory/api/npm/npm/map-cache/-/map-cache-0.2.2.tgz#c32abd0bd6525d9b051645bb4f26ac5dc98a0dbf"
  integrity sha1-wyq9C9ZSXZsFFkW7TyasXcmKDb8=

map-visit@^1.0.0:
  version "1.0.0"
  resolved "https://artifactory.softplan.com.br/artifactory/api/npm/npm/map-visit/-/map-visit-1.0.0.tgz#ecdca8f13144e660f1b5bd41f12f3479d98dfb8f"
  integrity sha1-7Nyo8TFE5mDxtb1B8S80edmN+48=
  dependencies:
    object-visit "^1.0.0"

merge-stream@^2.0.0:
  version "2.0.0"
  resolved "https://artifactory.softplan.com.br/artifactory/api/npm/npm/merge-stream/-/merge-stream-2.0.0.tgz#52823629a14dd00c9770fb6ad47dc6310f2c1f60"
  integrity sha1-UoI2KaFN0AyXcPtq1H3GMQ8sH2A=

micromatch@^3.1.10, micromatch@^3.1.4:
  version "3.1.10"
  resolved "https://artifactory.softplan.com.br/artifactory/api/npm/npm/micromatch/-/micromatch-3.1.10.tgz#70859bc95c9840952f359a068a3fc49f9ecfac23"
  integrity sha1-cIWbyVyYQJUvNZoGij/En57PrCM=
  dependencies:
    arr-diff "^4.0.0"
    array-unique "^0.3.2"
    braces "^2.3.1"
    define-property "^2.0.2"
    extend-shallow "^3.0.2"
    extglob "^2.0.4"
    fragment-cache "^0.2.1"
    kind-of "^6.0.2"
    nanomatch "^1.2.9"
    object.pick "^1.3.0"
    regex-not "^1.0.0"
    snapdragon "^0.8.1"
    to-regex "^3.0.2"

mime@^2.3.1:
  version "2.4.4"
  resolved "https://artifactory.softplan.com.br/artifactory/api/npm/npm/mime/-/mime-2.4.4.tgz#bd7b91135fc6b01cde3e9bae33d659b63d8857e5"
  integrity sha1-vXuRE1/GsBzePpuuM9ZZtj2IV+U=

mixin-deep@^1.2.0:
  version "1.3.2"
  resolved "https://artifactory.softplan.com.br/artifactory/api/npm/npm/mixin-deep/-/mixin-deep-1.3.2.tgz#1120b43dc359a785dce65b55b82e257ccf479566"
  integrity sha1-ESC0PcNZp4Xc5ltVuC4lfM9HlWY=
  dependencies:
    for-in "^1.0.2"
    is-extendable "^1.0.1"

mri@^1.1.0:
  version "1.1.4"
  resolved "https://artifactory.softplan.com.br/artifactory/api/npm/npm/mri/-/mri-1.1.4.tgz#7cb1dd1b9b40905f1fac053abe25b6720f44744a"
  integrity sha1-fLHdG5tAkF8frAU6viW2cg9EdEo=

ms@2.0.0:
  version "2.0.0"
  resolved "https://artifactory.softplan.com.br/artifactory/api/npm/npm/ms/-/ms-2.0.0.tgz#5608aeadfc00be6c2901df5f9861788de0d597c8"
  integrity sha1-VgiurfwAvmwpAd9fmGF4jeDVl8g=

nan@^2.12.1:
  version "2.14.0"
  resolved "https://artifactory.softplan.com.br/artifactory/api/npm/npm/nan/-/nan-2.14.0.tgz#7818f722027b2459a86f0295d434d1fc2336c52c"
  integrity sha1-eBj3IgJ7JFmobwKV1DTR/CM2xSw=

nanomatch@^1.2.9:
  version "1.2.13"
  resolved "https://artifactory.softplan.com.br/artifactory/api/npm/npm/nanomatch/-/nanomatch-1.2.13.tgz#b87a8aa4fc0de8fe6be88895b38983ff265bd119"
  integrity sha1-uHqKpPwN6P5r6IiVs4mD/yZb0Rk=
  dependencies:
    arr-diff "^4.0.0"
    array-unique "^0.3.2"
    define-property "^2.0.2"
    extend-shallow "^3.0.2"
    fragment-cache "^0.2.1"
    is-windows "^1.0.2"
    kind-of "^6.0.2"
    object.pick "^1.3.0"
    regex-not "^1.0.0"
    snapdragon "^0.8.1"
    to-regex "^3.0.1"

normalize-path@^2.1.1:
  version "2.1.1"
  resolved "https://artifactory.softplan.com.br/artifactory/api/npm/npm/normalize-path/-/normalize-path-2.1.1.tgz#1ab28b556e198363a8c1a6f7e6fa20137fe6aed9"
  integrity sha1-GrKLVW4Zg2Oowab35vogE3/mrtk=
  dependencies:
    remove-trailing-separator "^1.0.1"

normalize-path@^3.0.0:
  version "3.0.0"
  resolved "https://artifactory.softplan.com.br/artifactory/api/npm/npm/normalize-path/-/normalize-path-3.0.0.tgz#0dcd69ff23a1c9b11fd0978316644a0388216a65"
  integrity sha1-Dc1p/yOhybEf0JeDFmRKA4ghamU=

object-copy@^0.1.0:
  version "0.1.0"
  resolved "https://artifactory.softplan.com.br/artifactory/api/npm/npm/object-copy/-/object-copy-0.1.0.tgz#7e7d858b781bd7c991a41ba975ed3812754e998c"
  integrity sha1-fn2Fi3gb18mRpBupde04EnVOmYw=
  dependencies:
    copy-descriptor "^0.1.0"
    define-property "^0.2.5"
    kind-of "^3.0.3"

object-visit@^1.0.0:
  version "1.0.1"
  resolved "https://artifactory.softplan.com.br/artifactory/api/npm/npm/object-visit/-/object-visit-1.0.1.tgz#f79c4493af0c5377b59fe39d395e41042dd045bb"
  integrity sha1-95xEk68MU3e1n+OdOV5BBC3QRbs=
  dependencies:
    isobject "^3.0.0"

object.pick@^1.3.0:
  version "1.3.0"
  resolved "https://artifactory.softplan.com.br/artifactory/api/npm/npm/object.pick/-/object.pick-1.3.0.tgz#87a10ac4c1694bd2e1cbf53591a66141fb5dd747"
  integrity sha1-h6EKxMFpS9Lhy/U1kaZhQftd10c=
  dependencies:
    isobject "^3.0.1"

"opts@>= 1.2.0":
  version "1.2.7"
  resolved "https://artifactory.softplan.com.br/artifactory/api/npm/npm/opts/-/opts-1.2.7.tgz#4de4721d592c96901dae623a438c988e9ea7779f"
  integrity sha1-TeRyHVkslpAdrmI6Q4yYjp6nd58=

pascalcase@^0.1.1:
  version "0.1.1"
  resolved "https://artifactory.softplan.com.br/artifactory/api/npm/npm/pascalcase/-/pascalcase-0.1.1.tgz#b363e55e8006ca6fe21784d2db22bd15d7917f14"
  integrity sha1-s2PlXoAGym/iF4TS2yK9FdeRfxQ=

path-dirname@^1.0.0:
  version "1.0.2"
  resolved "https://artifactory.softplan.com.br/artifactory/api/npm/npm/path-dirname/-/path-dirname-1.0.2.tgz#cc33d24d525e099a5388c0336c6e32b9160609e0"
  integrity sha1-zDPSTVJeCZpTiMAzbG4yuRYGCeA=

path-is-absolute@^1.0.0:
  version "1.0.1"
  resolved "https://artifactory.softplan.com.br/artifactory/api/npm/npm/path-is-absolute/-/path-is-absolute-1.0.1.tgz#174b9268735534ffbc7ace6bf53a5a9e1b5c5f5f"
  integrity sha1-F0uSaHNVNP+8es5r9TpanhtcX18=

path-parse@^1.0.6:
  version "1.0.6"
  resolved "https://artifactory.softplan.com.br/artifactory/api/npm/npm/path-parse/-/path-parse-1.0.6.tgz#d62dbb5679405d72c4737ec58600e9ddcf06d24c"
  integrity sha1-1i27VnlAXXLEc37FhgDp3c8G0kw=

posix-character-classes@^0.1.0:
  version "0.1.1"
  resolved "https://artifactory.softplan.com.br/artifactory/api/npm/npm/posix-character-classes/-/posix-character-classes-0.1.1.tgz#01eac0fe3b5af71a2a6c02feabb8c1fef7e00eab"
  integrity sha1-AerA/jta9xoqbAL+q7jB/vfgDqs=

process-nextick-args@~2.0.0:
  version "2.0.1"
  resolved "https://artifactory.softplan.com.br/artifactory/api/npm/npm/process-nextick-args/-/process-nextick-args-2.0.1.tgz#7820d9b16120cc55ca9ae7792680ae7dba6d7fe2"
  integrity sha1-eCDZsWEgzFXKmud5JoCufbptf+I=

readable-stream@^2.0.2:
  version "2.3.7"
  resolved "https://artifactory.softplan.com.br/artifactory/api/npm/npm/readable-stream/-/readable-stream-2.3.7.tgz#1eca1cf711aef814c04f62252a36a62f6cb23b57"
  integrity sha1-Hsoc9xGu+BTAT2IlKjamL2yyO1c=
  dependencies:
    core-util-is "~1.0.0"
    inherits "~2.0.3"
    isarray "~1.0.0"
    process-nextick-args "~2.0.0"
    safe-buffer "~5.1.1"
    string_decoder "~1.1.1"
    util-deprecate "~1.0.1"

readdirp@^2.2.1:
  version "2.2.1"
  resolved "https://artifactory.softplan.com.br/artifactory/api/npm/npm/readdirp/-/readdirp-2.2.1.tgz#0e87622a3325aa33e892285caf8b4e846529a525"
  integrity sha1-DodiKjMlqjPokihcr4tOhGUppSU=
  dependencies:
    graceful-fs "^4.1.11"
    micromatch "^3.1.10"
    readable-stream "^2.0.2"

regex-not@^1.0.0, regex-not@^1.0.2:
  version "1.0.2"
  resolved "https://artifactory.softplan.com.br/artifactory/api/npm/npm/regex-not/-/regex-not-1.0.2.tgz#1f4ece27e00b0b65e0247a6810e6a85d83a5752c"
  integrity sha1-H07OJ+ALC2XgJHpoEOaoXYOldSw=
  dependencies:
    extend-shallow "^3.0.2"
    safe-regex "^1.1.0"

remove-trailing-separator@^1.0.1:
  version "1.1.0"
  resolved "https://artifactory.softplan.com.br/artifactory/api/npm/npm/remove-trailing-separator/-/remove-trailing-separator-1.1.0.tgz#c24bce2a283adad5bc3f58e0d48249b92379d8ef"
  integrity sha1-wkvOKig62tW8P1jg1IJJuSN52O8=

repeat-element@^1.1.2:
  version "1.1.3"
  resolved "https://artifactory.softplan.com.br/artifactory/api/npm/npm/repeat-element/-/repeat-element-1.1.3.tgz#782e0d825c0c5a3bb39731f84efee6b742e6b1ce"
  integrity sha1-eC4NglwMWjuzlzH4Tv7mt0Lmsc4=

repeat-string@^1.6.1:
  version "1.6.1"
  resolved "https://artifactory.softplan.com.br/artifactory/api/npm/npm/repeat-string/-/repeat-string-1.6.1.tgz#8dcae470e1c88abc2d600fff4a776286da75e637"
  integrity sha1-jcrkcOHIirwtYA//Sndihtp15jc=

require-relative@^0.8.7:
  version "0.8.7"
  resolved "https://artifactory.softplan.com.br/artifactory/api/npm/npm/require-relative/-/require-relative-0.8.7.tgz#7999539fc9e047a37928fa196f8e1563dabd36de"
  integrity sha1-eZlTn8ngR6N5KPoZb44VY9q9Nt4=

resolve-url@^0.2.1:
  version "0.2.1"
  resolved "https://artifactory.softplan.com.br/artifactory/api/npm/npm/resolve-url/-/resolve-url-0.2.1.tgz#2c637fe77c893afd2a663fe21aa9080068e2052a"
  integrity sha1-LGN/53yJOv0qZj/iGqkIAGjiBSo=

resolve@^1.11.0, resolve@^1.11.1:
  version "1.15.0"
  resolved "https://artifactory.softplan.com.br/artifactory/api/npm/npm/resolve/-/resolve-1.15.0.tgz#1b7ca96073ebb52e741ffd799f6b39ea462c67f5"
  integrity sha1-G3ypYHPrtS50H/15n2s56kYsZ/U=
  dependencies:
    path-parse "^1.0.6"

ret@~0.1.10:
  version "0.1.15"
  resolved "https://artifactory.softplan.com.br/artifactory/api/npm/npm/ret/-/ret-0.1.15.tgz#b8a4825d5bdb1fc3f6f53c2bc33f81388681c7bc"
  integrity sha1-uKSCXVvbH8P29Twrwz+BOIaBx7w=

rollup-plugin-livereload@^1.0.0:
  version "1.0.4"
  resolved "https://artifactory.softplan.com.br/artifactory/api/npm/npm/rollup-plugin-livereload/-/rollup-plugin-livereload-1.0.4.tgz#480919211c699db85a532dabe9aa29035578f9c1"
  integrity sha1-SAkZIRxpnbhaUy2r6aopA1V4+cE=
  dependencies:
    livereload "0.8.0 || ^0.8.2"

rollup-plugin-svelte@^5.0.3:
  version "5.1.1"
  resolved "https://artifactory.softplan.com.br/artifactory/api/npm/npm/rollup-plugin-svelte/-/rollup-plugin-svelte-5.1.1.tgz#0094f94e7e6ff7579bcd9f7769b454751ba670e1"
  integrity sha1-AJT5Tn5v91ebzZ93abRUdRumcOE=
  dependencies:
    require-relative "^0.8.7"
    rollup-pluginutils "^2.3.3"
    sourcemap-codec "^1.4.4"

rollup-plugin-terser@^5.1.2:
  version "5.2.0"
  resolved "https://artifactory.softplan.com.br/artifactory/api/npm/npm/rollup-plugin-terser/-/rollup-plugin-terser-5.2.0.tgz#ba758adf769347b7f1eaf9ef35978d2e207dccc7"
  integrity sha1-unWK33aTR7fx6vnvNZeNLiB9zMc=
  dependencies:
    "@babel/code-frame" "^7.5.5"
    jest-worker "^24.9.0"
    rollup-pluginutils "^2.8.2"
    serialize-javascript "^2.1.2"
    terser "^4.6.2"

rollup-pluginutils@^2.3.3, rollup-pluginutils@^2.8.2:
  version "2.8.2"
  resolved "https://artifactory.softplan.com.br/artifactory/api/npm/npm/rollup-pluginutils/-/rollup-pluginutils-2.8.2.tgz#72f2af0748b592364dbd3389e600e5a9444a351e"
  integrity sha1-cvKvB0i1kjZNvTOJ5gDlqURKNR4=
  dependencies:
    estree-walker "^0.6.1"

rollup@^1.20.0:
  version "1.31.0"
  resolved "https://artifactory.softplan.com.br/artifactory/api/npm/npm/rollup/-/rollup-1.31.0.tgz#e2a87212e96aa7850f3eb53fdd02cf89f2d2fe9a"
  integrity sha1-4qhyEulqp4UPPrU/3QLPifLS/po=
  dependencies:
    "@types/estree" "*"
    "@types/node" "*"
    acorn "^7.1.0"

sade@^1.4.0:
  version "1.7.0"
  resolved "https://artifactory.softplan.com.br/artifactory/api/npm/npm/sade/-/sade-1.7.0.tgz#5f16f718c80c6ba61d9031da1e22c07e1479b5d2"
  integrity sha1-Xxb3GMgMa6YdkDHaHiLAfhR5tdI=
  dependencies:
    mri "^1.1.0"

safe-buffer@~5.1.0, safe-buffer@~5.1.1:
  version "5.1.2"
  resolved "https://artifactory.softplan.com.br/artifactory/api/npm/npm/safe-buffer/-/safe-buffer-5.1.2.tgz#991ec69d296e0313747d59bdfd2b745c35f8828d"
  integrity sha1-mR7GnSluAxN0fVm9/St0XDX4go0=

safe-regex@^1.1.0:
  version "1.1.0"
  resolved "https://artifactory.softplan.com.br/artifactory/api/npm/npm/safe-regex/-/safe-regex-1.1.0.tgz#40a3669f3b077d1e943d44629e157dd48023bf2e"
  integrity sha1-QKNmnzsHfR6UPURinhV91IAjvy4=
  dependencies:
    ret "~0.1.10"

serialize-javascript@^2.1.2:
  version "2.1.2"
  resolved "https://artifactory.softplan.com.br/artifactory/api/npm/npm/serialize-javascript/-/serialize-javascript-2.1.2.tgz#ecec53b0e0317bdc95ef76ab7074b7384785fa61"
  integrity sha1-7OxTsOAxe9yV73arcHS3OEeF+mE=

set-value@^2.0.0, set-value@^2.0.1:
  version "2.0.1"
  resolved "https://artifactory.softplan.com.br/artifactory/api/npm/npm/set-value/-/set-value-2.0.1.tgz#a18d40530e6f07de4228c7defe4227af8cad005b"
  integrity sha1-oY1AUw5vB95CKMfe/kInr4ytAFs=
  dependencies:
    extend-shallow "^2.0.1"
    is-extendable "^0.1.1"
    is-plain-object "^2.0.3"
    split-string "^3.0.1"

sirv-cli@^0.4.4:
  version "0.4.5"
  resolved "https://artifactory.softplan.com.br/artifactory/api/npm/npm/sirv-cli/-/sirv-cli-0.4.5.tgz#fecdfdd943000797f79c6652a1ce272cdb8df369"
  integrity sha1-/s392UMAB5f3nGZSoc4nLNuN82k=
  dependencies:
    console-clear "^1.1.0"
    get-port "^3.2.0"
    kleur "^3.0.0"
    local-access "^1.0.1"
    sade "^1.4.0"
    sirv "^0.4.2"
    tinydate "^1.0.0"

sirv@^0.4.2:
  version "0.4.2"
  resolved "https://artifactory.softplan.com.br/artifactory/api/npm/npm/sirv/-/sirv-0.4.2.tgz#842ed22f3aab58faee84eea66cf66066e123d6db"
  integrity sha1-hC7SLzqrWPruhO6mbPZgZuEj1ts=
  dependencies:
    "@polka/url" "^0.5.0"
    mime "^2.3.1"

snapdragon-node@^2.0.1:
  version "2.1.1"
  resolved "https://artifactory.softplan.com.br/artifactory/api/npm/npm/snapdragon-node/-/snapdragon-node-2.1.1.tgz#6c175f86ff14bdb0724563e8f3c1b021a286853b"
  integrity sha1-bBdfhv8UvbByRWPo88GwIaKGhTs=
  dependencies:
    define-property "^1.0.0"
    isobject "^3.0.0"
    snapdragon-util "^3.0.1"

snapdragon-util@^3.0.1:
  version "3.0.1"
  resolved "https://artifactory.softplan.com.br/artifactory/api/npm/npm/snapdragon-util/-/snapdragon-util-3.0.1.tgz#f956479486f2acd79700693f6f7b805e45ab56e2"
  integrity sha1-+VZHlIbyrNeXAGk/b3uAXkWrVuI=
  dependencies:
    kind-of "^3.2.0"

snapdragon@^0.8.1:
  version "0.8.2"
  resolved "https://artifactory.softplan.com.br/artifactory/api/npm/npm/snapdragon/-/snapdragon-0.8.2.tgz#64922e7c565b0e14204ba1aa7d6964278d25182d"
  integrity sha1-ZJIufFZbDhQgS6GqfWlkJ40lGC0=
  dependencies:
    base "^0.11.1"
    debug "^2.2.0"
    define-property "^0.2.5"
    extend-shallow "^2.0.1"
    map-cache "^0.2.2"
    source-map "^0.5.6"
    source-map-resolve "^0.5.0"
    use "^3.1.0"

source-map-resolve@^0.5.0:
  version "0.5.3"
  resolved "https://artifactory.softplan.com.br/artifactory/api/npm/npm/source-map-resolve/-/source-map-resolve-0.5.3.tgz#190866bece7553e1f8f267a2ee82c606b5509a1a"
  integrity sha1-GQhmvs51U+H48mei7oLGBrVQmho=
  dependencies:
    atob "^2.1.2"
    decode-uri-component "^0.2.0"
    resolve-url "^0.2.1"
    source-map-url "^0.4.0"
    urix "^0.1.0"

source-map-support@~0.5.12:
  version "0.5.16"
  resolved "https://artifactory.softplan.com.br/artifactory/api/npm/npm/source-map-support/-/source-map-support-0.5.16.tgz#0ae069e7fe3ba7538c64c98515e35339eac5a042"
  integrity sha1-CuBp5/47p1OMZMmFFeNTOerFoEI=
  dependencies:
    buffer-from "^1.0.0"
    source-map "^0.6.0"

source-map-url@^0.4.0:
  version "0.4.0"
  resolved "https://artifactory.softplan.com.br/artifactory/api/npm/npm/source-map-url/-/source-map-url-0.4.0.tgz#3e935d7ddd73631b97659956d55128e87b5084a3"
  integrity sha1-PpNdfd1zYxuXZZlW1VEo6HtQhKM=

source-map@^0.5.6:
  version "0.5.7"
  resolved "https://artifactory.softplan.com.br/artifactory/api/npm/npm/source-map/-/source-map-0.5.7.tgz#8a039d2d1021d22d1ea14c80d8ea468ba2ef3fcc"
  integrity sha1-igOdLRAh0i0eoUyA2OpGi6LvP8w=

source-map@^0.6.0, source-map@~0.6.1:
  version "0.6.1"
  resolved "https://artifactory.softplan.com.br/artifactory/api/npm/npm/source-map/-/source-map-0.6.1.tgz#74722af32e9614e9c287a8d0bbde48b5e2f1a263"
  integrity sha1-dHIq8y6WFOnCh6jQu95IteLxomM=

sourcemap-codec@^1.4.4:
  version "1.4.8"
  resolved "https://artifactory.softplan.com.br/artifactory/api/npm/npm/sourcemap-codec/-/sourcemap-codec-1.4.8.tgz#ea804bd94857402e6992d05a38ef1ae35a9ab4c4"
  integrity sha1-6oBL2UhXQC5pktBaOO8a41qatMQ=

split-string@^3.0.1, split-string@^3.0.2:
  version "3.1.0"
  resolved "https://artifactory.softplan.com.br/artifactory/api/npm/npm/split-string/-/split-string-3.1.0.tgz#7cb09dda3a86585705c64b39a6466038682e8fe2"
  integrity sha1-fLCd2jqGWFcFxks5pkZgOGguj+I=
  dependencies:
    extend-shallow "^3.0.0"

static-extend@^0.1.1:
  version "0.1.2"
  resolved "https://artifactory.softplan.com.br/artifactory/api/npm/npm/static-extend/-/static-extend-0.1.2.tgz#60809c39cbff55337226fd5e0b520f341f1fb5c6"
  integrity sha1-YICcOcv/VTNyJv1eC1IPNB8ftcY=
  dependencies:
    define-property "^0.2.5"
    object-copy "^0.1.0"

string_decoder@~1.1.1:
  version "1.1.1"
  resolved "https://artifactory.softplan.com.br/artifactory/api/npm/npm/string_decoder/-/string_decoder-1.1.1.tgz#9cf1611ba62685d7030ae9e4ba34149c3af03fc8"
  integrity sha1-nPFhG6YmhdcDCunkujQUnDrwP8g=
  dependencies:
    safe-buffer "~5.1.0"

supports-color@^5.3.0:
  version "5.5.0"
  resolved "https://artifactory.softplan.com.br/artifactory/api/npm/npm/supports-color/-/supports-color-5.5.0.tgz#e2e69a44ac8772f78a1ec0b35b689df6530efc8f"
  integrity sha1-4uaaRKyHcveKHsCzW2id9lMO/I8=
  dependencies:
    has-flag "^3.0.0"

supports-color@^6.1.0:
  version "6.1.0"
  resolved "https://artifactory.softplan.com.br/artifactory/api/npm/npm/supports-color/-/supports-color-6.1.0.tgz#0764abc69c63d5ac842dd4867e8d025e880df8f3"
  integrity sha1-B2Srxpxj1ayELdSGfo0CXogN+PM=
  dependencies:
    has-flag "^3.0.0"

svelte-copy-to-clipboard@^0.1.1:
  version "0.1.1"
  resolved "https://artifactory.softplan.com.br/artifactory/api/npm/npm/svelte-copy-to-clipboard/-/svelte-copy-to-clipboard-0.1.1.tgz#b716cc626d85300951ebdb208406ae9b4b86e9b7"
  integrity sha1-txbMYm2FMAlR69sghAaum0uG6bc=

svelte@^3.0.0:
  version "3.18.1"
  resolved "https://artifactory.softplan.com.br/artifactory/api/npm/npm/svelte/-/svelte-3.18.1.tgz#db0f82cc46394ca8c9a9d183995e1ebfeea3bdd0"
  integrity sha1-2w+CzEY5TKjJqdGDmV4ev+6jvdA=

terser@^4.6.2:
  version "4.6.3"
  resolved "https://artifactory.softplan.com.br/artifactory/api/npm/npm/terser/-/terser-4.6.3.tgz#e33aa42461ced5238d352d2df2a67f21921f8d87"
  integrity sha1-4zqkJGHO1SONNS0t8qZ/IZIfjYc=
  dependencies:
    commander "^2.20.0"
    source-map "~0.6.1"
    source-map-support "~0.5.12"

tinydate@^1.0.0:
  version "1.2.0"
  resolved "https://artifactory.softplan.com.br/artifactory/api/npm/npm/tinydate/-/tinydate-1.2.0.tgz#36b4bb02715f89743f3ef9073d3573d005a28d0e"
  integrity sha1-NrS7AnFfiXQ/PvkHPTVz0AWijQ4=

to-object-path@^0.3.0:
  version "0.3.0"
  resolved "https://artifactory.softplan.com.br/artifactory/api/npm/npm/to-object-path/-/to-object-path-0.3.0.tgz#297588b7b0e7e0ac08e04e672f85c1f4999e17af"
  integrity sha1-KXWIt7Dn4KwI4E5nL4XB9JmeF68=
  dependencies:
    kind-of "^3.0.2"

to-regex-range@^2.1.0:
  version "2.1.1"
  resolved "https://artifactory.softplan.com.br/artifactory/api/npm/npm/to-regex-range/-/to-regex-range-2.1.1.tgz#7c80c17b9dfebe599e27367e0d4dd5590141db38"
  integrity sha1-fIDBe53+vlmeJzZ+DU3VWQFB2zg=
  dependencies:
    is-number "^3.0.0"
    repeat-string "^1.6.1"

to-regex@^3.0.1, to-regex@^3.0.2:
  version "3.0.2"
  resolved "https://artifactory.softplan.com.br/artifactory/api/npm/npm/to-regex/-/to-regex-3.0.2.tgz#13cfdd9b336552f30b51f33a8ae1b42a7a7599ce"
  integrity sha1-E8/dmzNlUvMLUfM6iuG0Knp1mc4=
  dependencies:
    define-property "^2.0.2"
    extend-shallow "^3.0.2"
    regex-not "^1.0.2"
    safe-regex "^1.1.0"

union-value@^1.0.0:
  version "1.0.1"
  resolved "https://artifactory.softplan.com.br/artifactory/api/npm/npm/union-value/-/union-value-1.0.1.tgz#0b6fe7b835aecda61c6ea4d4f02c14221e109847"
  integrity sha1-C2/nuDWuzaYcbqTU8CwUIh4QmEc=
  dependencies:
    arr-union "^3.1.0"
    get-value "^2.0.6"
    is-extendable "^0.1.1"
    set-value "^2.0.1"

unset-value@^1.0.0:
  version "1.0.0"
  resolved "https://artifactory.softplan.com.br/artifactory/api/npm/npm/unset-value/-/unset-value-1.0.0.tgz#8376873f7d2335179ffb1e6fc3a8ed0dfc8ab559"
  integrity sha1-g3aHP30jNRef+x5vw6jtDfyKtVk=
  dependencies:
    has-value "^0.3.1"
    isobject "^3.0.0"

upath@^1.1.1:
  version "1.2.0"
  resolved "https://artifactory.softplan.com.br/artifactory/api/npm/npm/upath/-/upath-1.2.0.tgz#8f66dbcd55a883acdae4408af8b035a5044c1894"
  integrity sha1-j2bbzVWog6za5ECK+LA1pQRMGJQ=

urix@^0.1.0:
  version "0.1.0"
  resolved "https://artifactory.softplan.com.br/artifactory/api/npm/npm/urix/-/urix-0.1.0.tgz#da937f7a62e21fec1fd18d49b35c2935067a6c72"
  integrity sha1-2pN/emLiH+wf0Y1Js1wpNQZ6bHI=

use@^3.1.0:
  version "3.1.1"
  resolved "https://artifactory.softplan.com.br/artifactory/api/npm/npm/use/-/use-3.1.1.tgz#d50c8cac79a19fbc20f2911f56eb973f4e10070f"
  integrity sha1-1QyMrHmhn7wg8pEfVuuXP04QBw8=

util-deprecate@~1.0.1:
  version "1.0.2"
  resolved "https://artifactory.softplan.com.br/artifactory/api/npm/npm/util-deprecate/-/util-deprecate-1.0.2.tgz#450d4dc9fa70de732762fbd2d4a28981419a0ccf"
  integrity sha1-RQ1Nyfpw3nMnYvvS1KKJgUGaDM8=

ws@^6.2.1:
  version "6.2.1"
  resolved "https://artifactory.softplan.com.br/artifactory/api/npm/npm/ws/-/ws-6.2.1.tgz#442fdf0a47ed64f59b6a5d8ff130f4748ed524fb"
  integrity sha1-RC/fCkftZPWbal2P8TD0dI7VJPs=
  dependencies:
    async-limiter "~1.0.0"
